
Microsoft Visual Studio Solution File, Format Version 12.00
# Visual Studio Version 16
VisualStudioVersion = 16.0.30717.126
MinimumVisualStudioVersion = 10.0.40219.1
Project("{9A19103F-16F7-4668-BE54-9A1E7A4F7556}") = "flexGateway.Client", "flexGateway\Client\flexGateway.Client.csproj", "{AA666EA3-6219-4E6D-9066-97CEBAC22E5F}"
EndProject
Project("{9A19103F-16F7-4668-BE54-9A1E7A4F7556}") = "flexGateway.Shared", "flexGateway\Shared\flexGateway.Shared.csproj", "{928FFE46-7165-470A-A5D1-495197910D97}"
EndProject
Project("{9A19103F-16F7-4668-BE54-9A1E7A4F7556}") = "flexGateway.Common", "flexGateway.Common\flexGateway.Common.csproj", "{2475B303-203F-4830-B351-12427D40D0EA}"
EndProject
Project("{9A19103F-16F7-4668-BE54-9A1E7A4F7556}") = "flexGateway.Server", "flexGateway\Server\flexGateway.Server.csproj", "{4D11A6BF-E26A-4DBF-8DCC-A20259DD605D}"
EndProject
Project("{FAE04EC0-301F-11D3-BF4B-00C04F79EFBC}") = "Sinumerik840d", "Sinumerik840d\Sinumerik840d.csproj", "{516440BA-9045-4B5A-91DD-CF79B369B35E}"
EndProject
Global
	GlobalSection(SolutionConfigurationPlatforms) = preSolution
		Debug|Any CPU = Debug|Any CPU
		Release|Any CPU = Release|Any CPU
	EndGlobalSection
	GlobalSection(ProjectConfigurationPlatforms) = postSolution
		{AA666EA3-6219-4E6D-9066-97CEBAC22E5F}.Debug|Any CPU.ActiveCfg = Debug|Any CPU
		{AA666EA3-6219-4E6D-9066-97CEBAC22E5F}.Debug|Any CPU.Build.0 = Debug|Any CPU
		{AA666EA3-6219-4E6D-9066-97CEBAC22E5F}.Release|Any CPU.ActiveCfg = Release|Any CPU
		{AA666EA3-6219-4E6D-9066-97CEBAC22E5F}.Release|Any CPU.Build.0 = Release|Any CPU
		{928FFE46-7165-470A-A5D1-495197910D97}.Debug|Any CPU.ActiveCfg = Debug|Any CPU
		{928FFE46-7165-470A-A5D1-495197910D97}.Debug|Any CPU.Build.0 = Debug|Any CPU
		{928FFE46-7165-470A-A5D1-495197910D97}.Release|Any CPU.ActiveCfg = Release|Any CPU
		{928FFE46-7165-470A-A5D1-495197910D97}.Release|Any CPU.Build.0 = Release|Any CPU
		{2475B303-203F-4830-B351-12427D40D0EA}.Debug|Any CPU.ActiveCfg = Debug|Any CPU
		{2475B303-203F-4830-B351-12427D40D0EA}.Release|Any CPU.ActiveCfg = Release|Any CPU
		{2475B303-203F-4830-B351-12427D40D0EA}.Release|Any CPU.Build.0 = Release|Any CPU
		{4D11A6BF-E26A-4DBF-8DCC-A20259DD605D}.Debug|Any CPU.ActiveCfg = Debug|Any CPU
		{4D11A6BF-E26A-4DBF-8DCC-A20259DD605D}.Debug|Any CPU.Build.0 = Debug|Any CPU
		{4D11A6BF-E26A-4DBF-8DCC-A20259DD605D}.Release|Any CPU.ActiveCfg = Release|Any CPU
		{4D11A6BF-E26A-4DBF-8DCC-A20259DD605D}.Release|Any CPU.Build.0 = Release|Any CPU
		{516440BA-9045-4B5A-91DD-CF79B369B35E}.Debug|Any CPU.ActiveCfg = Debug|Any CPU
		{516440BA-9045-4B5A-91DD-CF79B369B35E}.Debug|Any CPU.Build.0 = Debug|Any CPU
		{516440BA-9045-4B5A-91DD-CF79B369B35E}.Release|Any CPU.ActiveCfg = Release|Any CPU
		{516440BA-9045-4B5A-91DD-CF79B369B35E}.Release|Any CPU.Build.0 = Release|Any CPU
	EndGlobalSection
	GlobalSection(SolutionProperties) = preSolution
		HideSolutionNode = FALSE
	EndGlobalSection
	GlobalSection(ExtensibilityGlobals) = postSolution
		SolutionGuid = {B1149C49-5A1A-4A0E-BD4E-504D2DAA684E}
	EndGlobalSection
EndGlobal
