
Microsoft Visual Studio Solution File, Format Version 12.00
# Visual Studio Version 16
VisualStudioVersion = 16.0.30717.126
MinimumVisualStudioVersion = 10.0.40219.1
Project("{9A19103F-16F7-4668-BE54-9A1E7A4F7556}") = "flexGateway.Shared", "Shared\flexGateway.Shared.csproj", "{0AF49434-76A5-4D03-80C3-4014017067AD}"
EndProject
Project("{9A19103F-16F7-4668-BE54-9A1E7A4F7556}") = "flexGateway.Server", "Server\flexGateway.Server.csproj", "{EA96CE7A-AD77-4B71-8372-EB823158EB95}"
EndProject
Project("{9A19103F-16F7-4668-BE54-9A1E7A4F7556}") = "flexGateway.Client", "Client\flexGateway.Client.csproj", "{7A7AEAA6-48BD-4164-A341-B33B2F58D96E}"
EndProject
Project("{9A19103F-16F7-4668-BE54-9A1E7A4F7556}") = "flexGateway.Common", "Common\flexGateway.Common.csproj", "{AF77E123-180A-4C78-9EE0-8935E052B29E}"
EndProject
Project("{2150E333-8FDC-42A3-9474-1A3956D46DE8}") = "Plugin", "Plugin", "{6E392000-27BA-43D2-A61E-DD50D65CD8CD}"
EndProject
Project("{9A19103F-16F7-4668-BE54-9A1E7A4F7556}") = "MockingAdapter", "Plugins\MockingAdapter\MockingAdapter.csproj", "{072B06D6-F208-4BCA-B687-F23C504469E3}"
EndProject
Project("{9A19103F-16F7-4668-BE54-9A1E7A4F7556}") = "flexGateway.Interface", "Interface\flexGateway.Interface.csproj", "{18309331-E33E-4F68-9911-3CB2DFC0BA95}"
EndProject
Project("{9A19103F-16F7-4668-BE54-9A1E7A4F7556}") = "Sinumerik840d", "Plugins\Sinumerik840d\Sinumerik840d.csproj", "{E6B749EF-9172-4005-8E68-4C0CA7E9247C}"
EndProject
Global
	GlobalSection(SolutionConfigurationPlatforms) = preSolution
		Debug|Any CPU = Debug|Any CPU
		Release|Any CPU = Release|Any CPU
	EndGlobalSection
	GlobalSection(ProjectConfigurationPlatforms) = postSolution
		{0AF49434-76A5-4D03-80C3-4014017067AD}.Debug|Any CPU.ActiveCfg = Debug|Any CPU
		{0AF49434-76A5-4D03-80C3-4014017067AD}.Debug|Any CPU.Build.0 = Debug|Any CPU
		{0AF49434-76A5-4D03-80C3-4014017067AD}.Release|Any CPU.ActiveCfg = Release|Any CPU
		{0AF49434-76A5-4D03-80C3-4014017067AD}.Release|Any CPU.Build.0 = Release|Any CPU
		{EA96CE7A-AD77-4B71-8372-EB823158EB95}.Debug|Any CPU.ActiveCfg = Debug|Any CPU
		{EA96CE7A-AD77-4B71-8372-EB823158EB95}.Debug|Any CPU.Build.0 = Debug|Any CPU
		{EA96CE7A-AD77-4B71-8372-EB823158EB95}.Release|Any CPU.ActiveCfg = Release|Any CPU
		{EA96CE7A-AD77-4B71-8372-EB823158EB95}.Release|Any CPU.Build.0 = Release|Any CPU
		{7A7AEAA6-48BD-4164-A341-B33B2F58D96E}.Debug|Any CPU.ActiveCfg = Debug|Any CPU
		{7A7AEAA6-48BD-4164-A341-B33B2F58D96E}.Debug|Any CPU.Build.0 = Debug|Any CPU
		{7A7AEAA6-48BD-4164-A341-B33B2F58D96E}.Release|Any CPU.ActiveCfg = Release|Any CPU
		{7A7AEAA6-48BD-4164-A341-B33B2F58D96E}.Release|Any CPU.Build.0 = Release|Any CPU
		{AF77E123-180A-4C78-9EE0-8935E052B29E}.Debug|Any CPU.ActiveCfg = Debug|Any CPU
		{AF77E123-180A-4C78-9EE0-8935E052B29E}.Debug|Any CPU.Build.0 = Debug|Any CPU
		{AF77E123-180A-4C78-9EE0-8935E052B29E}.Release|Any CPU.ActiveCfg = Release|Any CPU
		{AF77E123-180A-4C78-9EE0-8935E052B29E}.Release|Any CPU.Build.0 = Release|Any CPU
		{072B06D6-F208-4BCA-B687-F23C504469E3}.Debug|Any CPU.ActiveCfg = Debug|Any CPU
		{072B06D6-F208-4BCA-B687-F23C504469E3}.Debug|Any CPU.Build.0 = Debug|Any CPU
		{072B06D6-F208-4BCA-B687-F23C504469E3}.Release|Any CPU.ActiveCfg = Release|Any CPU
		{072B06D6-F208-4BCA-B687-F23C504469E3}.Release|Any CPU.Build.0 = Release|Any CPU
		{18309331-E33E-4F68-9911-3CB2DFC0BA95}.Debug|Any CPU.ActiveCfg = Debug|Any CPU
		{18309331-E33E-4F68-9911-3CB2DFC0BA95}.Debug|Any CPU.Build.0 = Debug|Any CPU
		{18309331-E33E-4F68-9911-3CB2DFC0BA95}.Release|Any CPU.ActiveCfg = Release|Any CPU
		{18309331-E33E-4F68-9911-3CB2DFC0BA95}.Release|Any CPU.Build.0 = Release|Any CPU
		{E6B749EF-9172-4005-8E68-4C0CA7E9247C}.Debug|Any CPU.ActiveCfg = Debug|Any CPU
		{E6B749EF-9172-4005-8E68-4C0CA7E9247C}.Debug|Any CPU.Build.0 = Debug|Any CPU
		{E6B749EF-9172-4005-8E68-4C0CA7E9247C}.Release|Any CPU.ActiveCfg = Release|Any CPU
		{E6B749EF-9172-4005-8E68-4C0CA7E9247C}.Release|Any CPU.Build.0 = Release|Any CPU
	EndGlobalSection
	GlobalSection(SolutionProperties) = preSolution
		HideSolutionNode = FALSE
	EndGlobalSection
	GlobalSection(NestedProjects) = preSolution
		{072B06D6-F208-4BCA-B687-F23C504469E3} = {6E392000-27BA-43D2-A61E-DD50D65CD8CD}
		{E6B749EF-9172-4005-8E68-4C0CA7E9247C} = {6E392000-27BA-43D2-A61E-DD50D65CD8CD}
	EndGlobalSection
	GlobalSection(ExtensibilityGlobals) = postSolution
		SolutionGuid = {B1149C49-5A1A-4A0E-BD4E-504D2DAA684E}
	EndGlobalSection
EndGlobal
